
Microsoft Visual Studio Solution File, Format Version 12.00
# Visual Studio Version 17
VisualStudioVersion = 17.0.31919.166
MinimumVisualStudioVersion = 10.0.40219.1
Project("{888888A0-9F3D-457C-B088-3A5042F75D52}") = "PetBeaconWebsite", "PetBeaconWebsite.pyproj", "{1E98D3D5-988A-4C79-A9F5-3BB7210FA76A}"
EndProject
Global
	GlobalSection(SolutionConfigurationPlatforms) = preSolution
		Debug|Any CPU = Debug|Any CPU
		Release|Any CPU = Release|Any CPU
	EndGlobalSection
	GlobalSection(ProjectConfigurationPlatforms) = postSolution
		{1E98D3D5-988A-4C79-A9F5-3BB7210FA76A}.Debug|Any CPU.ActiveCfg = Debug|Any CPU
		{1E98D3D5-988A-4C79-A9F5-3BB7210FA76A}.Debug|Any CPU.Build.0 = Debug|Any CPU
		{1E98D3D5-988A-4C79-A9F5-3BB7210FA76A}.Release|Any CPU.ActiveCfg = Release|Any CPU
		{1E98D3D5-988A-4C79-A9F5-3BB7210FA76A}.Release|Any CPU.Build.0 = Release|Any CPU
	EndGlobalSection
	GlobalSection(SolutionProperties) = preSolution
		HideSolutionNode = FALSE
	EndGlobalSection
	GlobalSection(ExtensibilityGlobals) = postSolution
		SolutionGuid = {B2025787-5272-43F7-B30A-E9C9697C25D3}
	EndGlobalSection
EndGlobal
